
Microsoft Visual Studio Solution File, Format Version 12.00
# Visual Studio Version 17
VisualStudioVersion = 17.4.33205.214
MinimumVisualStudioVersion = 10.0.40219.1
Project("{FAE04EC0-301F-11D3-BF4B-00C04F79EFBC}") = "KNN", "KNN\KNN.csproj", "{C10E7EFB-3297-4156-9E4D-884F90CADD0C}"
EndProject
Global
	GlobalSection(SolutionConfigurationPlatforms) = preSolution
		Debug|Any CPU = Debug|Any CPU
		Release|Any CPU = Release|Any CPU
	EndGlobalSection
	GlobalSection(ProjectConfigurationPlatforms) = postSolution
		{C10E7EFB-3297-4156-9E4D-884F90CADD0C}.Debug|Any CPU.ActiveCfg = Debug|Any CPU
		{C10E7EFB-3297-4156-9E4D-884F90CADD0C}.Debug|Any CPU.Build.0 = Debug|Any CPU
		{C10E7EFB-3297-4156-9E4D-884F90CADD0C}.Release|Any CPU.ActiveCfg = Release|Any CPU
		{C10E7EFB-3297-4156-9E4D-884F90CADD0C}.Release|Any CPU.Build.0 = Release|Any CPU
	EndGlobalSection
	GlobalSection(SolutionProperties) = preSolution
		HideSolutionNode = FALSE
	EndGlobalSection
	GlobalSection(ExtensibilityGlobals) = postSolution
		SolutionGuid = {F44DA6AF-3E2F-4FFD-A961-D84A7DDD1F49}
	EndGlobalSection
EndGlobal
